
Microsoft Visual Studio Solution File, Format Version 12.00
# Visual Studio 15
VisualStudioVersion = 15.0.27703.2042
MinimumVisualStudioVersion = 10.0.40219.1
Project("{FAE04EC0-301F-11D3-BF4B-00C04F79EFBC}") = "EvalServiceLibrary", "EvalServiceLibrary\EvalServiceLibrary.csproj", "{0CF0AF08-CD41-4ADE-B8AD-72BA9DC3BC81}"
EndProject
Project("{FAE04EC0-301F-11D3-BF4B-00C04F79EFBC}") = "ConsoleHost", "ConsoleHost\ConsoleHost.csproj", "{5CBBC215-6A1F-4103-90B7-7025F44A9C2B}"
EndProject
Project("{FAE04EC0-301F-11D3-BF4B-00C04F79EFBC}") = "Client", "Client\Client.csproj", "{1C6C07F5-672C-4C68-A1CA-42F566E9A25A}"
EndProject
Global
	GlobalSection(SolutionConfigurationPlatforms) = preSolution
		Debug|Any CPU = Debug|Any CPU
		Release|Any CPU = Release|Any CPU
	EndGlobalSection
	GlobalSection(ProjectConfigurationPlatforms) = postSolution
		{0CF0AF08-CD41-4ADE-B8AD-72BA9DC3BC81}.Debug|Any CPU.ActiveCfg = Debug|Any CPU
		{0CF0AF08-CD41-4ADE-B8AD-72BA9DC3BC81}.Debug|Any CPU.Build.0 = Debug|Any CPU
		{0CF0AF08-CD41-4ADE-B8AD-72BA9DC3BC81}.Release|Any CPU.ActiveCfg = Release|Any CPU
		{0CF0AF08-CD41-4ADE-B8AD-72BA9DC3BC81}.Release|Any CPU.Build.0 = Release|Any CPU
		{5CBBC215-6A1F-4103-90B7-7025F44A9C2B}.Debug|Any CPU.ActiveCfg = Debug|Any CPU
		{5CBBC215-6A1F-4103-90B7-7025F44A9C2B}.Debug|Any CPU.Build.0 = Debug|Any CPU
		{5CBBC215-6A1F-4103-90B7-7025F44A9C2B}.Release|Any CPU.ActiveCfg = Release|Any CPU
		{5CBBC215-6A1F-4103-90B7-7025F44A9C2B}.Release|Any CPU.Build.0 = Release|Any CPU
		{1C6C07F5-672C-4C68-A1CA-42F566E9A25A}.Debug|Any CPU.ActiveCfg = Debug|Any CPU
		{1C6C07F5-672C-4C68-A1CA-42F566E9A25A}.Debug|Any CPU.Build.0 = Debug|Any CPU
		{1C6C07F5-672C-4C68-A1CA-42F566E9A25A}.Release|Any CPU.ActiveCfg = Release|Any CPU
		{1C6C07F5-672C-4C68-A1CA-42F566E9A25A}.Release|Any CPU.Build.0 = Release|Any CPU
	EndGlobalSection
	GlobalSection(SolutionProperties) = preSolution
		HideSolutionNode = FALSE
	EndGlobalSection
	GlobalSection(ExtensibilityGlobals) = postSolution
		SolutionGuid = {A5BBFF8A-977A-4682-839B-C3C2CDD80E38}
	EndGlobalSection
EndGlobal
